
Microsoft Visual Studio Solution File, Format Version 12.00
# Visual Studio Version 16
VisualStudioVersion = 16.0.29201.188
MinimumVisualStudioVersion = 10.0.40219.1
Project("{8BC9CEB8-8B4A-11D0-8D11-00A0C91BC942}") = "opencv2", "opencv2\opencv2.vcxproj", "{0CD26691-F8BF-43DC-A02B-9C129401DFB3}"
EndProject
Project("{8BC9CEB8-8B4A-11D0-8D11-00A0C91BC942}") = "nagative", "nagative\nagative.vcxproj", "{7A980D8E-477D-4D83-B631-A9F3CE03E521}"
EndProject
Project("{8BC9CEB8-8B4A-11D0-8D11-00A0C91BC942}") = "Binary_avrage", "Binary_avrage\Binary_avrage.vcxproj", "{04CA464F-E983-4F64-82FF-5ACFF6A56466}"
EndProject
Project("{8BC9CEB8-8B4A-11D0-8D11-00A0C91BC942}") = "Adaptive_Binary", "Adaptive_Binary\Adaptive_Binary.vcxproj", "{6FFE6AF6-A84C-41A3-9F10-634A487535B2}"
EndProject
Project("{8BC9CEB8-8B4A-11D0-8D11-00A0C91BC942}") = "Gamma", "Gamma\Gamma.vcxproj", "{ED731EA2-8F11-4227-94D1-72F59710827C}"
EndProject
Project("{8BC9CEB8-8B4A-11D0-8D11-00A0C91BC942}") = "Set_Gamma", "Set_Gamma\Set_Gamma.vcxproj", "{B26EADBD-400B-4615-8C31-BB223E37AAFD}"
EndProject
Project("{8BC9CEB8-8B4A-11D0-8D11-00A0C91BC942}") = "bit_plane", "bit_plane\bit_plane.vcxproj", "{D972CBDB-AB74-4ACF-9171-31D8B12CC2FD}"
EndProject
Project("{8BC9CEB8-8B4A-11D0-8D11-00A0C91BC942}") = "imgcombine", "imgcombine\imgcombine.vcxproj", "{5D625B06-AEBC-4D02-846F-CDB6838A1825}"
EndProject
Project("{8BC9CEB8-8B4A-11D0-8D11-00A0C91BC942}") = "clipping", "clipping\clipping.vcxproj", "{055546C7-BF60-448E-8429-F877AD4C80D7}"
EndProject
Project("{8BC9CEB8-8B4A-11D0-8D11-00A0C91BC942}") = "Circle", "Circle\Circle.vcxproj", "{F99D8E43-414C-413A-86CE-E24B538528BA}"
EndProject
Project("{8BC9CEB8-8B4A-11D0-8D11-00A0C91BC942}") = "base_code", "base_code\base_code.vcxproj", "{B70DB915-8FB0-4CE6-9041-1E9750201A28}"
EndProject
Project("{8BC9CEB8-8B4A-11D0-8D11-00A0C91BC942}") = "Noise", "Noise\Noise.vcxproj", "{6BC8DDCB-BA2F-40E5-AEA0-621333780693}"
EndProject
Project("{8BC9CEB8-8B4A-11D0-8D11-00A0C91BC942}") = "Mosaic2", "Mosaic2\Mosaic2.vcxproj", "{5CB2E05D-0CCF-489C-B932-49E28D34D9D2}"
EndProject
Project("{8BC9CEB8-8B4A-11D0-8D11-00A0C91BC942}") = "Logical", "Logical\Logical.vcxproj", "{BBA926E0-B769-453A-9817-0212212696D9}"
EndProject
Project("{8BC9CEB8-8B4A-11D0-8D11-00A0C91BC942}") = "Select_mosaic", "Select_mosaic\Select_mosaic.vcxproj", "{FDE6AA73-4925-4C5A-A28C-A1EE88F25C6A}"
EndProject
Project("{8BC9CEB8-8B4A-11D0-8D11-00A0C91BC942}") = "Histogram", "Histogram\Histogram.vcxproj", "{A08B9EE3-246D-4C88-B035-86E369F413BF}"
EndProject
Project("{8BC9CEB8-8B4A-11D0-8D11-00A0C91BC942}") = "Specification", "Specification\Specification.vcxproj", "{83C7E3E6-C70D-4973-9EF7-D6863C190709}"
EndProject
Project("{8BC9CEB8-8B4A-11D0-8D11-00A0C91BC942}") = "Contrast", "Contrast\Contrast.vcxproj", "{2B89A9AC-EF87-4488-A431-DF15B236BA0B}"
EndProject
Project("{8BC9CEB8-8B4A-11D0-8D11-00A0C91BC942}") = "Spec_test", "Spec_test\Spec_test.vcxproj", "{18786C34-EB35-4C7B-B1CE-5E97525BC6C8}"
EndProject
Project("{8BC9CEB8-8B4A-11D0-8D11-00A0C91BC942}") = "Smoothing", "Smoothing\Smoothing.vcxproj", "{9D810061-B145-4331-A1C1-C9A19F910E55}"
EndProject
Project("{8BC9CEB8-8B4A-11D0-8D11-00A0C91BC942}") = "Median", "Median\Median.vcxproj", "{6F34299A-A5C8-4282-8827-1425E4115CA3}"
EndProject
Project("{8BC9CEB8-8B4A-11D0-8D11-00A0C91BC942}") = "Salt_Pepper", "Salt_Pepper\Salt_Pepper.vcxproj", "{CB6503ED-8601-440D-AA49-6EDDCA3479D6}"
EndProject
Project("{8BC9CEB8-8B4A-11D0-8D11-00A0C91BC942}") = "Sharpening", "Sharpening\Sharpening.vcxproj", "{380B6C57-4AC5-4708-AEF8-28CA1510D430}"
EndProject
Project("{8BC9CEB8-8B4A-11D0-8D11-00A0C91BC942}") = "Embossing", "Embossing\Embossing.vcxproj", "{AC976070-A336-4D97-B4C4-03D3FEEFB7A0}"
EndProject
Project("{8BC9CEB8-8B4A-11D0-8D11-00A0C91BC942}") = "Add", "Add\Add.vcxproj", "{43B1B4A3-DB24-49DC-9920-3C1BEDA6FD06}"
EndProject
Project("{8BC9CEB8-8B4A-11D0-8D11-00A0C91BC942}") = "Test1", "Test1\Test1.vcxproj", "{B9BD6B3E-415D-4C92-845F-26A0B982BD17}"
EndProject
Project("{8BC9CEB8-8B4A-11D0-8D11-00A0C91BC942}") = "Test2", "Test2\Test2.vcxproj", "{8A633440-1E15-49D4-90ED-DA3961BFDBEF}"
EndProject
Project("{8BC9CEB8-8B4A-11D0-8D11-00A0C91BC942}") = "Fourier", "Fourier\Fourier.vcxproj", "{AF6DCF6E-0C80-4F55-8D10-1354E7B1E0B8}"
EndProject
Project("{8BC9CEB8-8B4A-11D0-8D11-00A0C91BC942}") = "Lowpass", "Lowpass\Lowpass.vcxproj", "{CEA5C8A5-CD91-41E0-ABC8-3ECA0626DDE2}"
EndProject
Project("{8BC9CEB8-8B4A-11D0-8D11-00A0C91BC942}") = "Dct", "Dct\Dct.vcxproj", "{9264408A-479F-4C61-96DC-898FE8A2E284}"
EndProject
Project("{8BC9CEB8-8B4A-11D0-8D11-00A0C91BC942}") = "Subimg", "Subimg\Subimg.vcxproj", "{11C2450C-4AC9-46ED-BE07-EF335FE86BF5}"
EndProject
Project("{8BC9CEB8-8B4A-11D0-8D11-00A0C91BC942}") = "my_Dct", "my_Dct\my_Dct.vcxproj", "{1BC16581-82B1-4B75-9E64-4A5C720295B4}"
EndProject
Global
	GlobalSection(SolutionConfigurationPlatforms) = preSolution
		Debug|x64 = Debug|x64
		Debug|x86 = Debug|x86
		Release|x64 = Release|x64
		Release|x86 = Release|x86
	EndGlobalSection
	GlobalSection(ProjectConfigurationPlatforms) = postSolution
		{0CD26691-F8BF-43DC-A02B-9C129401DFB3}.Debug|x64.ActiveCfg = Debug|x64
		{0CD26691-F8BF-43DC-A02B-9C129401DFB3}.Debug|x64.Build.0 = Debug|x64
		{0CD26691-F8BF-43DC-A02B-9C129401DFB3}.Debug|x86.ActiveCfg = Debug|Win32
		{0CD26691-F8BF-43DC-A02B-9C129401DFB3}.Debug|x86.Build.0 = Debug|Win32
		{0CD26691-F8BF-43DC-A02B-9C129401DFB3}.Release|x64.ActiveCfg = Release|x64
		{0CD26691-F8BF-43DC-A02B-9C129401DFB3}.Release|x64.Build.0 = Release|x64
		{0CD26691-F8BF-43DC-A02B-9C129401DFB3}.Release|x86.ActiveCfg = Release|Win32
		{0CD26691-F8BF-43DC-A02B-9C129401DFB3}.Release|x86.Build.0 = Release|Win32
		{7A980D8E-477D-4D83-B631-A9F3CE03E521}.Debug|x64.ActiveCfg = Debug|x64
		{7A980D8E-477D-4D83-B631-A9F3CE03E521}.Debug|x64.Build.0 = Debug|x64
		{7A980D8E-477D-4D83-B631-A9F3CE03E521}.Debug|x86.ActiveCfg = Debug|Win32
		{7A980D8E-477D-4D83-B631-A9F3CE03E521}.Debug|x86.Build.0 = Debug|Win32
		{7A980D8E-477D-4D83-B631-A9F3CE03E521}.Release|x64.ActiveCfg = Release|x64
		{7A980D8E-477D-4D83-B631-A9F3CE03E521}.Release|x64.Build.0 = Release|x64
		{7A980D8E-477D-4D83-B631-A9F3CE03E521}.Release|x86.ActiveCfg = Release|Win32
		{7A980D8E-477D-4D83-B631-A9F3CE03E521}.Release|x86.Build.0 = Release|Win32
		{04CA464F-E983-4F64-82FF-5ACFF6A56466}.Debug|x64.ActiveCfg = Debug|x64
		{04CA464F-E983-4F64-82FF-5ACFF6A56466}.Debug|x64.Build.0 = Debug|x64
		{04CA464F-E983-4F64-82FF-5ACFF6A56466}.Debug|x86.ActiveCfg = Debug|Win32
		{04CA464F-E983-4F64-82FF-5ACFF6A56466}.Debug|x86.Build.0 = Debug|Win32
		{04CA464F-E983-4F64-82FF-5ACFF6A56466}.Release|x64.ActiveCfg = Release|x64
		{04CA464F-E983-4F64-82FF-5ACFF6A56466}.Release|x64.Build.0 = Release|x64
		{04CA464F-E983-4F64-82FF-5ACFF6A56466}.Release|x86.ActiveCfg = Release|Win32
		{04CA464F-E983-4F64-82FF-5ACFF6A56466}.Release|x86.Build.0 = Release|Win32
		{6FFE6AF6-A84C-41A3-9F10-634A487535B2}.Debug|x64.ActiveCfg = Debug|x64
		{6FFE6AF6-A84C-41A3-9F10-634A487535B2}.Debug|x64.Build.0 = Debug|x64
		{6FFE6AF6-A84C-41A3-9F10-634A487535B2}.Debug|x86.ActiveCfg = Debug|Win32
		{6FFE6AF6-A84C-41A3-9F10-634A487535B2}.Debug|x86.Build.0 = Debug|Win32
		{6FFE6AF6-A84C-41A3-9F10-634A487535B2}.Release|x64.ActiveCfg = Release|x64
		{6FFE6AF6-A84C-41A3-9F10-634A487535B2}.Release|x64.Build.0 = Release|x64
		{6FFE6AF6-A84C-41A3-9F10-634A487535B2}.Release|x86.ActiveCfg = Release|Win32
		{6FFE6AF6-A84C-41A3-9F10-634A487535B2}.Release|x86.Build.0 = Release|Win32
		{ED731EA2-8F11-4227-94D1-72F59710827C}.Debug|x64.ActiveCfg = Debug|x64
		{ED731EA2-8F11-4227-94D1-72F59710827C}.Debug|x64.Build.0 = Debug|x64
		{ED731EA2-8F11-4227-94D1-72F59710827C}.Debug|x86.ActiveCfg = Debug|Win32
		{ED731EA2-8F11-4227-94D1-72F59710827C}.Debug|x86.Build.0 = Debug|Win32
		{ED731EA2-8F11-4227-94D1-72F59710827C}.Release|x64.ActiveCfg = Release|x64
		{ED731EA2-8F11-4227-94D1-72F59710827C}.Release|x64.Build.0 = Release|x64
		{ED731EA2-8F11-4227-94D1-72F59710827C}.Release|x86.ActiveCfg = Release|Win32
		{ED731EA2-8F11-4227-94D1-72F59710827C}.Release|x86.Build.0 = Release|Win32
		{B26EADBD-400B-4615-8C31-BB223E37AAFD}.Debug|x64.ActiveCfg = Debug|x64
		{B26EADBD-400B-4615-8C31-BB223E37AAFD}.Debug|x64.Build.0 = Debug|x64
		{B26EADBD-400B-4615-8C31-BB223E37AAFD}.Debug|x86.ActiveCfg = Debug|Win32
		{B26EADBD-400B-4615-8C31-BB223E37AAFD}.Debug|x86.Build.0 = Debug|Win32
		{B26EADBD-400B-4615-8C31-BB223E37AAFD}.Release|x64.ActiveCfg = Release|x64
		{B26EADBD-400B-4615-8C31-BB223E37AAFD}.Release|x64.Build.0 = Release|x64
		{B26EADBD-400B-4615-8C31-BB223E37AAFD}.Release|x86.ActiveCfg = Release|Win32
		{B26EADBD-400B-4615-8C31-BB223E37AAFD}.Release|x86.Build.0 = Release|Win32
		{D972CBDB-AB74-4ACF-9171-31D8B12CC2FD}.Debug|x64.ActiveCfg = Debug|x64
		{D972CBDB-AB74-4ACF-9171-31D8B12CC2FD}.Debug|x64.Build.0 = Debug|x64
		{D972CBDB-AB74-4ACF-9171-31D8B12CC2FD}.Debug|x86.ActiveCfg = Debug|Win32
		{D972CBDB-AB74-4ACF-9171-31D8B12CC2FD}.Debug|x86.Build.0 = Debug|Win32
		{D972CBDB-AB74-4ACF-9171-31D8B12CC2FD}.Release|x64.ActiveCfg = Release|x64
		{D972CBDB-AB74-4ACF-9171-31D8B12CC2FD}.Release|x64.Build.0 = Release|x64
		{D972CBDB-AB74-4ACF-9171-31D8B12CC2FD}.Release|x86.ActiveCfg = Release|Win32
		{D972CBDB-AB74-4ACF-9171-31D8B12CC2FD}.Release|x86.Build.0 = Release|Win32
		{5D625B06-AEBC-4D02-846F-CDB6838A1825}.Debug|x64.ActiveCfg = Debug|x64
		{5D625B06-AEBC-4D02-846F-CDB6838A1825}.Debug|x64.Build.0 = Debug|x64
		{5D625B06-AEBC-4D02-846F-CDB6838A1825}.Debug|x86.ActiveCfg = Debug|Win32
		{5D625B06-AEBC-4D02-846F-CDB6838A1825}.Debug|x86.Build.0 = Debug|Win32
		{5D625B06-AEBC-4D02-846F-CDB6838A1825}.Release|x64.ActiveCfg = Release|x64
		{5D625B06-AEBC-4D02-846F-CDB6838A1825}.Release|x64.Build.0 = Release|x64
		{5D625B06-AEBC-4D02-846F-CDB6838A1825}.Release|x86.ActiveCfg = Release|Win32
		{5D625B06-AEBC-4D02-846F-CDB6838A1825}.Release|x86.Build.0 = Release|Win32
		{055546C7-BF60-448E-8429-F877AD4C80D7}.Debug|x64.ActiveCfg = Debug|x64
		{055546C7-BF60-448E-8429-F877AD4C80D7}.Debug|x64.Build.0 = Debug|x64
		{055546C7-BF60-448E-8429-F877AD4C80D7}.Debug|x86.ActiveCfg = Debug|Win32
		{055546C7-BF60-448E-8429-F877AD4C80D7}.Debug|x86.Build.0 = Debug|Win32
		{055546C7-BF60-448E-8429-F877AD4C80D7}.Release|x64.ActiveCfg = Release|x64
		{055546C7-BF60-448E-8429-F877AD4C80D7}.Release|x64.Build.0 = Release|x64
		{055546C7-BF60-448E-8429-F877AD4C80D7}.Release|x86.ActiveCfg = Release|Win32
		{055546C7-BF60-448E-8429-F877AD4C80D7}.Release|x86.Build.0 = Release|Win32
		{F99D8E43-414C-413A-86CE-E24B538528BA}.Debug|x64.ActiveCfg = Debug|x64
		{F99D8E43-414C-413A-86CE-E24B538528BA}.Debug|x64.Build.0 = Debug|x64
		{F99D8E43-414C-413A-86CE-E24B538528BA}.Debug|x86.ActiveCfg = Debug|Win32
		{F99D8E43-414C-413A-86CE-E24B538528BA}.Debug|x86.Build.0 = Debug|Win32
		{F99D8E43-414C-413A-86CE-E24B538528BA}.Release|x64.ActiveCfg = Release|x64
		{F99D8E43-414C-413A-86CE-E24B538528BA}.Release|x64.Build.0 = Release|x64
		{F99D8E43-414C-413A-86CE-E24B538528BA}.Release|x86.ActiveCfg = Release|Win32
		{F99D8E43-414C-413A-86CE-E24B538528BA}.Release|x86.Build.0 = Release|Win32
		{B70DB915-8FB0-4CE6-9041-1E9750201A28}.Debug|x64.ActiveCfg = Debug|x64
		{B70DB915-8FB0-4CE6-9041-1E9750201A28}.Debug|x64.Build.0 = Debug|x64
		{B70DB915-8FB0-4CE6-9041-1E9750201A28}.Debug|x86.ActiveCfg = Debug|Win32
		{B70DB915-8FB0-4CE6-9041-1E9750201A28}.Debug|x86.Build.0 = Debug|Win32
		{B70DB915-8FB0-4CE6-9041-1E9750201A28}.Release|x64.ActiveCfg = Release|x64
		{B70DB915-8FB0-4CE6-9041-1E9750201A28}.Release|x64.Build.0 = Release|x64
		{B70DB915-8FB0-4CE6-9041-1E9750201A28}.Release|x86.ActiveCfg = Release|Win32
		{B70DB915-8FB0-4CE6-9041-1E9750201A28}.Release|x86.Build.0 = Release|Win32
		{6BC8DDCB-BA2F-40E5-AEA0-621333780693}.Debug|x64.ActiveCfg = Debug|x64
		{6BC8DDCB-BA2F-40E5-AEA0-621333780693}.Debug|x64.Build.0 = Debug|x64
		{6BC8DDCB-BA2F-40E5-AEA0-621333780693}.Debug|x86.ActiveCfg = Debug|Win32
		{6BC8DDCB-BA2F-40E5-AEA0-621333780693}.Debug|x86.Build.0 = Debug|Win32
		{6BC8DDCB-BA2F-40E5-AEA0-621333780693}.Release|x64.ActiveCfg = Release|x64
		{6BC8DDCB-BA2F-40E5-AEA0-621333780693}.Release|x64.Build.0 = Release|x64
		{6BC8DDCB-BA2F-40E5-AEA0-621333780693}.Release|x86.ActiveCfg = Release|Win32
		{6BC8DDCB-BA2F-40E5-AEA0-621333780693}.Release|x86.Build.0 = Release|Win32
		{5CB2E05D-0CCF-489C-B932-49E28D34D9D2}.Debug|x64.ActiveCfg = Debug|x64
		{5CB2E05D-0CCF-489C-B932-49E28D34D9D2}.Debug|x64.Build.0 = Debug|x64
		{5CB2E05D-0CCF-489C-B932-49E28D34D9D2}.Debug|x86.ActiveCfg = Debug|Win32
		{5CB2E05D-0CCF-489C-B932-49E28D34D9D2}.Debug|x86.Build.0 = Debug|Win32
		{5CB2E05D-0CCF-489C-B932-49E28D34D9D2}.Release|x64.ActiveCfg = Release|x64
		{5CB2E05D-0CCF-489C-B932-49E28D34D9D2}.Release|x64.Build.0 = Release|x64
		{5CB2E05D-0CCF-489C-B932-49E28D34D9D2}.Release|x86.ActiveCfg = Release|Win32
		{5CB2E05D-0CCF-489C-B932-49E28D34D9D2}.Release|x86.Build.0 = Release|Win32
		{BBA926E0-B769-453A-9817-0212212696D9}.Debug|x64.ActiveCfg = Debug|x64
		{BBA926E0-B769-453A-9817-0212212696D9}.Debug|x64.Build.0 = Debug|x64
		{BBA926E0-B769-453A-9817-0212212696D9}.Debug|x86.ActiveCfg = Debug|Win32
		{BBA926E0-B769-453A-9817-0212212696D9}.Debug|x86.Build.0 = Debug|Win32
		{BBA926E0-B769-453A-9817-0212212696D9}.Release|x64.ActiveCfg = Release|x64
		{BBA926E0-B769-453A-9817-0212212696D9}.Release|x64.Build.0 = Release|x64
		{BBA926E0-B769-453A-9817-0212212696D9}.Release|x86.ActiveCfg = Release|Win32
		{BBA926E0-B769-453A-9817-0212212696D9}.Release|x86.Build.0 = Release|Win32
		{FDE6AA73-4925-4C5A-A28C-A1EE88F25C6A}.Debug|x64.ActiveCfg = Debug|x64
		{FDE6AA73-4925-4C5A-A28C-A1EE88F25C6A}.Debug|x64.Build.0 = Debug|x64
		{FDE6AA73-4925-4C5A-A28C-A1EE88F25C6A}.Debug|x86.ActiveCfg = Debug|Win32
		{FDE6AA73-4925-4C5A-A28C-A1EE88F25C6A}.Debug|x86.Build.0 = Debug|Win32
		{FDE6AA73-4925-4C5A-A28C-A1EE88F25C6A}.Release|x64.ActiveCfg = Release|x64
		{FDE6AA73-4925-4C5A-A28C-A1EE88F25C6A}.Release|x64.Build.0 = Release|x64
		{FDE6AA73-4925-4C5A-A28C-A1EE88F25C6A}.Release|x86.ActiveCfg = Release|Win32
		{FDE6AA73-4925-4C5A-A28C-A1EE88F25C6A}.Release|x86.Build.0 = Release|Win32
		{A08B9EE3-246D-4C88-B035-86E369F413BF}.Debug|x64.ActiveCfg = Debug|x64
		{A08B9EE3-246D-4C88-B035-86E369F413BF}.Debug|x64.Build.0 = Debug|x64
		{A08B9EE3-246D-4C88-B035-86E369F413BF}.Debug|x86.ActiveCfg = Debug|Win32
		{A08B9EE3-246D-4C88-B035-86E369F413BF}.Debug|x86.Build.0 = Debug|Win32
		{A08B9EE3-246D-4C88-B035-86E369F413BF}.Release|x64.ActiveCfg = Release|x64
		{A08B9EE3-246D-4C88-B035-86E369F413BF}.Release|x64.Build.0 = Release|x64
		{A08B9EE3-246D-4C88-B035-86E369F413BF}.Release|x86.ActiveCfg = Release|Win32
		{A08B9EE3-246D-4C88-B035-86E369F413BF}.Release|x86.Build.0 = Release|Win32
		{83C7E3E6-C70D-4973-9EF7-D6863C190709}.Debug|x64.ActiveCfg = Debug|x64
		{83C7E3E6-C70D-4973-9EF7-D6863C190709}.Debug|x64.Build.0 = Debug|x64
		{83C7E3E6-C70D-4973-9EF7-D6863C190709}.Debug|x86.ActiveCfg = Debug|Win32
		{83C7E3E6-C70D-4973-9EF7-D6863C190709}.Debug|x86.Build.0 = Debug|Win32
		{83C7E3E6-C70D-4973-9EF7-D6863C190709}.Release|x64.ActiveCfg = Release|x64
		{83C7E3E6-C70D-4973-9EF7-D6863C190709}.Release|x64.Build.0 = Release|x64
		{83C7E3E6-C70D-4973-9EF7-D6863C190709}.Release|x86.ActiveCfg = Release|Win32
		{83C7E3E6-C70D-4973-9EF7-D6863C190709}.Release|x86.Build.0 = Release|Win32
		{2B89A9AC-EF87-4488-A431-DF15B236BA0B}.Debug|x64.ActiveCfg = Debug|x64
		{2B89A9AC-EF87-4488-A431-DF15B236BA0B}.Debug|x64.Build.0 = Debug|x64
		{2B89A9AC-EF87-4488-A431-DF15B236BA0B}.Debug|x86.ActiveCfg = Debug|Win32
		{2B89A9AC-EF87-4488-A431-DF15B236BA0B}.Debug|x86.Build.0 = Debug|Win32
		{2B89A9AC-EF87-4488-A431-DF15B236BA0B}.Release|x64.ActiveCfg = Release|x64
		{2B89A9AC-EF87-4488-A431-DF15B236BA0B}.Release|x64.Build.0 = Release|x64
		{2B89A9AC-EF87-4488-A431-DF15B236BA0B}.Release|x86.ActiveCfg = Release|Win32
		{2B89A9AC-EF87-4488-A431-DF15B236BA0B}.Release|x86.Build.0 = Release|Win32
		{18786C34-EB35-4C7B-B1CE-5E97525BC6C8}.Debug|x64.ActiveCfg = Debug|x64
		{18786C34-EB35-4C7B-B1CE-5E97525BC6C8}.Debug|x64.Build.0 = Debug|x64
		{18786C34-EB35-4C7B-B1CE-5E97525BC6C8}.Debug|x86.ActiveCfg = Debug|Win32
		{18786C34-EB35-4C7B-B1CE-5E97525BC6C8}.Debug|x86.Build.0 = Debug|Win32
		{18786C34-EB35-4C7B-B1CE-5E97525BC6C8}.Release|x64.ActiveCfg = Release|x64
		{18786C34-EB35-4C7B-B1CE-5E97525BC6C8}.Release|x64.Build.0 = Release|x64
		{18786C34-EB35-4C7B-B1CE-5E97525BC6C8}.Release|x86.ActiveCfg = Release|Win32
		{18786C34-EB35-4C7B-B1CE-5E97525BC6C8}.Release|x86.Build.0 = Release|Win32
		{9D810061-B145-4331-A1C1-C9A19F910E55}.Debug|x64.ActiveCfg = Debug|x64
		{9D810061-B145-4331-A1C1-C9A19F910E55}.Debug|x64.Build.0 = Debug|x64
		{9D810061-B145-4331-A1C1-C9A19F910E55}.Debug|x86.ActiveCfg = Debug|Win32
		{9D810061-B145-4331-A1C1-C9A19F910E55}.Debug|x86.Build.0 = Debug|Win32
		{9D810061-B145-4331-A1C1-C9A19F910E55}.Release|x64.ActiveCfg = Release|x64
		{9D810061-B145-4331-A1C1-C9A19F910E55}.Release|x64.Build.0 = Release|x64
		{9D810061-B145-4331-A1C1-C9A19F910E55}.Release|x86.ActiveCfg = Release|Win32
		{9D810061-B145-4331-A1C1-C9A19F910E55}.Release|x86.Build.0 = Release|Win32
		{6F34299A-A5C8-4282-8827-1425E4115CA3}.Debug|x64.ActiveCfg = Debug|x64
		{6F34299A-A5C8-4282-8827-1425E4115CA3}.Debug|x64.Build.0 = Debug|x64
		{6F34299A-A5C8-4282-8827-1425E4115CA3}.Debug|x86.ActiveCfg = Debug|Win32
		{6F34299A-A5C8-4282-8827-1425E4115CA3}.Debug|x86.Build.0 = Debug|Win32
		{6F34299A-A5C8-4282-8827-1425E4115CA3}.Release|x64.ActiveCfg = Release|x64
		{6F34299A-A5C8-4282-8827-1425E4115CA3}.Release|x64.Build.0 = Release|x64
		{6F34299A-A5C8-4282-8827-1425E4115CA3}.Release|x86.ActiveCfg = Release|Win32
		{6F34299A-A5C8-4282-8827-1425E4115CA3}.Release|x86.Build.0 = Release|Win32
		{CB6503ED-8601-440D-AA49-6EDDCA3479D6}.Debug|x64.ActiveCfg = Debug|x64
		{CB6503ED-8601-440D-AA49-6EDDCA3479D6}.Debug|x64.Build.0 = Debug|x64
		{CB6503ED-8601-440D-AA49-6EDDCA3479D6}.Debug|x86.ActiveCfg = Debug|Win32
		{CB6503ED-8601-440D-AA49-6EDDCA3479D6}.Debug|x86.Build.0 = Debug|Win32
		{CB6503ED-8601-440D-AA49-6EDDCA3479D6}.Release|x64.ActiveCfg = Release|x64
		{CB6503ED-8601-440D-AA49-6EDDCA3479D6}.Release|x64.Build.0 = Release|x64
		{CB6503ED-8601-440D-AA49-6EDDCA3479D6}.Release|x86.ActiveCfg = Release|Win32
		{CB6503ED-8601-440D-AA49-6EDDCA3479D6}.Release|x86.Build.0 = Release|Win32
		{380B6C57-4AC5-4708-AEF8-28CA1510D430}.Debug|x64.ActiveCfg = Debug|x64
		{380B6C57-4AC5-4708-AEF8-28CA1510D430}.Debug|x64.Build.0 = Debug|x64
		{380B6C57-4AC5-4708-AEF8-28CA1510D430}.Debug|x86.ActiveCfg = Debug|Win32
		{380B6C57-4AC5-4708-AEF8-28CA1510D430}.Debug|x86.Build.0 = Debug|Win32
		{380B6C57-4AC5-4708-AEF8-28CA1510D430}.Release|x64.ActiveCfg = Release|x64
		{380B6C57-4AC5-4708-AEF8-28CA1510D430}.Release|x64.Build.0 = Release|x64
		{380B6C57-4AC5-4708-AEF8-28CA1510D430}.Release|x86.ActiveCfg = Release|Win32
		{380B6C57-4AC5-4708-AEF8-28CA1510D430}.Release|x86.Build.0 = Release|Win32
		{AC976070-A336-4D97-B4C4-03D3FEEFB7A0}.Debug|x64.ActiveCfg = Debug|x64
		{AC976070-A336-4D97-B4C4-03D3FEEFB7A0}.Debug|x64.Build.0 = Debug|x64
		{AC976070-A336-4D97-B4C4-03D3FEEFB7A0}.Debug|x86.ActiveCfg = Debug|Win32
		{AC976070-A336-4D97-B4C4-03D3FEEFB7A0}.Debug|x86.Build.0 = Debug|Win32
		{AC976070-A336-4D97-B4C4-03D3FEEFB7A0}.Release|x64.ActiveCfg = Release|x64
		{AC976070-A336-4D97-B4C4-03D3FEEFB7A0}.Release|x64.Build.0 = Release|x64
		{AC976070-A336-4D97-B4C4-03D3FEEFB7A0}.Release|x86.ActiveCfg = Release|Win32
		{AC976070-A336-4D97-B4C4-03D3FEEFB7A0}.Release|x86.Build.0 = Release|Win32
		{43B1B4A3-DB24-49DC-9920-3C1BEDA6FD06}.Debug|x64.ActiveCfg = Debug|x64
		{43B1B4A3-DB24-49DC-9920-3C1BEDA6FD06}.Debug|x64.Build.0 = Debug|x64
		{43B1B4A3-DB24-49DC-9920-3C1BEDA6FD06}.Debug|x86.ActiveCfg = Debug|Win32
		{43B1B4A3-DB24-49DC-9920-3C1BEDA6FD06}.Debug|x86.Build.0 = Debug|Win32
		{43B1B4A3-DB24-49DC-9920-3C1BEDA6FD06}.Release|x64.ActiveCfg = Release|x64
		{43B1B4A3-DB24-49DC-9920-3C1BEDA6FD06}.Release|x64.Build.0 = Release|x64
		{43B1B4A3-DB24-49DC-9920-3C1BEDA6FD06}.Release|x86.ActiveCfg = Release|Win32
		{43B1B4A3-DB24-49DC-9920-3C1BEDA6FD06}.Release|x86.Build.0 = Release|Win32
		{B9BD6B3E-415D-4C92-845F-26A0B982BD17}.Debug|x64.ActiveCfg = Debug|x64
		{B9BD6B3E-415D-4C92-845F-26A0B982BD17}.Debug|x64.Build.0 = Debug|x64
		{B9BD6B3E-415D-4C92-845F-26A0B982BD17}.Debug|x86.ActiveCfg = Debug|Win32
		{B9BD6B3E-415D-4C92-845F-26A0B982BD17}.Debug|x86.Build.0 = Debug|Win32
		{B9BD6B3E-415D-4C92-845F-26A0B982BD17}.Release|x64.ActiveCfg = Release|x64
		{B9BD6B3E-415D-4C92-845F-26A0B982BD17}.Release|x64.Build.0 = Release|x64
		{B9BD6B3E-415D-4C92-845F-26A0B982BD17}.Release|x86.ActiveCfg = Release|Win32
		{B9BD6B3E-415D-4C92-845F-26A0B982BD17}.Release|x86.Build.0 = Release|Win32
		{8A633440-1E15-49D4-90ED-DA3961BFDBEF}.Debug|x64.ActiveCfg = Debug|x64
		{8A633440-1E15-49D4-90ED-DA3961BFDBEF}.Debug|x64.Build.0 = Debug|x64
		{8A633440-1E15-49D4-90ED-DA3961BFDBEF}.Debug|x86.ActiveCfg = Debug|Win32
		{8A633440-1E15-49D4-90ED-DA3961BFDBEF}.Debug|x86.Build.0 = Debug|Win32
		{8A633440-1E15-49D4-90ED-DA3961BFDBEF}.Release|x64.ActiveCfg = Release|x64
		{8A633440-1E15-49D4-90ED-DA3961BFDBEF}.Release|x64.Build.0 = Release|x64
		{8A633440-1E15-49D4-90ED-DA3961BFDBEF}.Release|x86.ActiveCfg = Release|Win32
		{8A633440-1E15-49D4-90ED-DA3961BFDBEF}.Release|x86.Build.0 = Release|Win32
		{AF6DCF6E-0C80-4F55-8D10-1354E7B1E0B8}.Debug|x64.ActiveCfg = Debug|x64
		{AF6DCF6E-0C80-4F55-8D10-1354E7B1E0B8}.Debug|x64.Build.0 = Debug|x64
		{AF6DCF6E-0C80-4F55-8D10-1354E7B1E0B8}.Debug|x86.ActiveCfg = Debug|Win32
		{AF6DCF6E-0C80-4F55-8D10-1354E7B1E0B8}.Debug|x86.Build.0 = Debug|Win32
		{AF6DCF6E-0C80-4F55-8D10-1354E7B1E0B8}.Release|x64.ActiveCfg = Release|x64
		{AF6DCF6E-0C80-4F55-8D10-1354E7B1E0B8}.Release|x64.Build.0 = Release|x64
		{AF6DCF6E-0C80-4F55-8D10-1354E7B1E0B8}.Release|x86.ActiveCfg = Release|Win32
		{AF6DCF6E-0C80-4F55-8D10-1354E7B1E0B8}.Release|x86.Build.0 = Release|Win32
		{CEA5C8A5-CD91-41E0-ABC8-3ECA0626DDE2}.Debug|x64.ActiveCfg = Debug|x64
		{CEA5C8A5-CD91-41E0-ABC8-3ECA0626DDE2}.Debug|x64.Build.0 = Debug|x64
		{CEA5C8A5-CD91-41E0-ABC8-3ECA0626DDE2}.Debug|x86.ActiveCfg = Debug|Win32
		{CEA5C8A5-CD91-41E0-ABC8-3ECA0626DDE2}.Debug|x86.Build.0 = Debug|Win32
		{CEA5C8A5-CD91-41E0-ABC8-3ECA0626DDE2}.Release|x64.ActiveCfg = Release|x64
		{CEA5C8A5-CD91-41E0-ABC8-3ECA0626DDE2}.Release|x64.Build.0 = Release|x64
		{CEA5C8A5-CD91-41E0-ABC8-3ECA0626DDE2}.Release|x86.ActiveCfg = Release|Win32
		{CEA5C8A5-CD91-41E0-ABC8-3ECA0626DDE2}.Release|x86.Build.0 = Release|Win32
		{9264408A-479F-4C61-96DC-898FE8A2E284}.Debug|x64.ActiveCfg = Debug|x64
		{9264408A-479F-4C61-96DC-898FE8A2E284}.Debug|x64.Build.0 = Debug|x64
		{9264408A-479F-4C61-96DC-898FE8A2E284}.Debug|x86.ActiveCfg = Debug|Win32
		{9264408A-479F-4C61-96DC-898FE8A2E284}.Debug|x86.Build.0 = Debug|Win32
		{9264408A-479F-4C61-96DC-898FE8A2E284}.Release|x64.ActiveCfg = Release|x64
		{9264408A-479F-4C61-96DC-898FE8A2E284}.Release|x64.Build.0 = Release|x64
		{9264408A-479F-4C61-96DC-898FE8A2E284}.Release|x86.ActiveCfg = Release|Win32
		{9264408A-479F-4C61-96DC-898FE8A2E284}.Release|x86.Build.0 = Release|Win32
		{11C2450C-4AC9-46ED-BE07-EF335FE86BF5}.Debug|x64.ActiveCfg = Debug|x64
		{11C2450C-4AC9-46ED-BE07-EF335FE86BF5}.Debug|x64.Build.0 = Debug|x64
		{11C2450C-4AC9-46ED-BE07-EF335FE86BF5}.Debug|x86.ActiveCfg = Debug|Win32
		{11C2450C-4AC9-46ED-BE07-EF335FE86BF5}.Debug|x86.Build.0 = Debug|Win32
		{11C2450C-4AC9-46ED-BE07-EF335FE86BF5}.Release|x64.ActiveCfg = Release|x64
		{11C2450C-4AC9-46ED-BE07-EF335FE86BF5}.Release|x64.Build.0 = Release|x64
		{11C2450C-4AC9-46ED-BE07-EF335FE86BF5}.Release|x86.ActiveCfg = Release|Win32
		{11C2450C-4AC9-46ED-BE07-EF335FE86BF5}.Release|x86.Build.0 = Release|Win32
		{1BC16581-82B1-4B75-9E64-4A5C720295B4}.Debug|x64.ActiveCfg = Debug|x64
		{1BC16581-82B1-4B75-9E64-4A5C720295B4}.Debug|x64.Build.0 = Debug|x64
		{1BC16581-82B1-4B75-9E64-4A5C720295B4}.Debug|x86.ActiveCfg = Debug|Win32
		{1BC16581-82B1-4B75-9E64-4A5C720295B4}.Debug|x86.Build.0 = Debug|Win32
		{1BC16581-82B1-4B75-9E64-4A5C720295B4}.Release|x64.ActiveCfg = Release|x64
		{1BC16581-82B1-4B75-9E64-4A5C720295B4}.Release|x64.Build.0 = Release|x64
		{1BC16581-82B1-4B75-9E64-4A5C720295B4}.Release|x86.ActiveCfg = Release|Win32
		{1BC16581-82B1-4B75-9E64-4A5C720295B4}.Release|x86.Build.0 = Release|Win32
	EndGlobalSection
	GlobalSection(SolutionProperties) = preSolution
		HideSolutionNode = FALSE
	EndGlobalSection
	GlobalSection(ExtensibilityGlobals) = postSolution
		SolutionGuid = {A6453E8B-A4F2-4C61-A483-30C560FC8737}
	EndGlobalSection
EndGlobal
